
Microsoft Visual Studio Solution File, Format Version 12.00
# Visual Studio Version 17
VisualStudioVersion = 17.13.35806.99 d17.13
MinimumVisualStudioVersion = 10.0.40219.1
Project("{FAE04EC0-301F-11D3-BF4B-00C04F79EFBC}") = "NotePad", "NotePad.csproj", "{07566AA2-F88C-45A7-8C21-2895FEEFF3F8}"
EndProject
Global
	GlobalSection(SolutionConfigurationPlatforms) = preSolution
		Debug|Any CPU = Debug|Any CPU
		Release|Any CPU = Release|Any CPU
	EndGlobalSection
	GlobalSection(ProjectConfigurationPlatforms) = postSolution
		{07566AA2-F88C-45A7-8C21-2895FEEFF3F8}.Debug|Any CPU.ActiveCfg = Debug|Any CPU
		{07566AA2-F88C-45A7-8C21-2895FEEFF3F8}.Debug|Any CPU.Build.0 = Debug|Any CPU
		{07566AA2-F88C-45A7-8C21-2895FEEFF3F8}.Release|Any CPU.ActiveCfg = Release|Any CPU
		{07566AA2-F88C-45A7-8C21-2895FEEFF3F8}.Release|Any CPU.Build.0 = Release|Any CPU
	EndGlobalSection
	GlobalSection(SolutionProperties) = preSolution
		HideSolutionNode = FALSE
	EndGlobalSection
	GlobalSection(ExtensibilityGlobals) = postSolution
		SolutionGuid = {043A671E-BFC6-40C7-9872-7B9335B67108}
	EndGlobalSection
EndGlobal
